{
    "_readme": [
        "This file locks the dependencies of your project to a known state",
        "Read more about it at https://getcomposer.org/doc/01-basic-usage.md#composer-lock-the-lock-file",
        "This file is @generated automatically"
    ],
    "hash": "c1a6a65cd733043d610cf28ccca82829",
    "content-hash": "b778983f786ba36b097881b8ccfc8259",
    "packages": [
        {
            "name": "lobtao/think-worker",
            "version": "2.0.x-dev",
            "source": {
                "type": "git",
                "url": "https://github.com/lobtao/think-worker.git",
                "reference": "f896b74f9e661c7e361e7fdbb0da760f51c7e7e8"
            },
            "dist": {
                "type": "zip",
                "url": "https://api.github.com/repos/lobtao/think-worker/zipball/f896b74f9e661c7e361e7fdbb0da760f51c7e7e8",
                "reference": "f896b74f9e661c7e361e7fdbb0da760f51c7e7e8",
                "shasum": ""
            },
            "require": {
                "topthink/framework": "^5.1.18",
                "topthink/think-installer": "^2.0",
                "workerman/gateway-worker": "^3.0.0",
                "workerman/workerman": "^3.3.0"
            },
            "type": "think-extend",
            "extra": {
                "think-config": {
                    "worker": "src/config/worker.php",
                    "worker_server": "src/config/server.php",
                    "gateway_worker": "src/config/gateway.php"
                }
            },
            "autoload": {
                "psr-4": {
                    "think\\worker\\": "src"
                },
                "files": [
                    "src/command.php"
                ]
            },
            "notification-url": "https://packagist.org/downloads/",
            "license": [
                "Apache-2.0"
            ],
            "authors": [
                {
                    "name": "liu21st",
                    "email": "liu21st@gmail.com"
                }
            ],
            "description": "workerman extend for thinkphp5.1",
            "time": "2019-02-21 04:53:07"
        },
        {
            "name": "topthink/framework",
            "version": "v5.1.34",
            "source": {
                "type": "git",
                "url": "https://github.com/top-think/framework.git",
                "reference": "7c8cd1ea2bd4683a6ef46af415334260c6e2cc15"
            },
            "dist": {
                "type": "zip",
                "url": "https://api.github.com/repos/top-think/framework/zipball/7c8cd1ea2bd4683a6ef46af415334260c6e2cc15",
                "reference": "7c8cd1ea2bd4683a6ef46af415334260c6e2cc15",
                "shasum": ""
            },
            "require": {
                "php": ">=5.6.0",
                "topthink/think-installer": "2.*"
            },
            "require-dev": {
                "johnkary/phpunit-speedtrap": "^1.0",
                "mikey179/vfsstream": "~1.6",
                "phpdocumentor/reflection-docblock": "^2.0",
                "phploc/phploc": "2.*",
                "phpunit/phpunit": "^5.0|^6.0",
                "sebastian/phpcpd": "2.*",
                "squizlabs/php_codesniffer": "2.*"
            },
            "type": "think-framework",
            "notification-url": "https://packagist.org/downloads/",
            "license": [
                "Apache-2.0"
            ],
            "authors": [
                {
                    "name": "liu21st",
                    "email": "liu21st@gmail.com"
                },
                {
                    "name": "yunwuxin",
                    "email": "448901948@qq.com"
                }
            ],
            "description": "the new thinkphp framework",
            "homepage": "http://thinkphp.cn/",
            "keywords": [
                "framework",
                "orm",
                "thinkphp"
            ],
            "time": "2019-01-30 06:38:38"
        },
        {
            "name": "topthink/think-installer",
            "version": "v2.0.0",
            "source": {
                "type": "git",
                "url": "https://github.com/top-think/think-installer.git",
                "reference": "f5400a12c60e513911aef41fe443fa6920952675"
            },
            "dist": {
                "type": "zip",
                "url": "https://api.github.com/repos/top-think/think-installer/zipball/f5400a12c60e513911aef41fe443fa6920952675",
                "reference": "f5400a12c60e513911aef41fe443fa6920952675",
                "shasum": ""
            },
            "require": {
                "composer-plugin-api": "^1.0"
            },
            "require-dev": {
                "composer/composer": "1.0.*@dev"
            },
            "type": "composer-plugin",
            "extra": {
                "class": "think\\composer\\Plugin"
            },
            "autoload": {
                "psr-4": {
                    "think\\composer\\": "src"
                }
            },
            "notification-url": "https://packagist.org/downloads/",
            "license": [
                "Apache-2.0"
            ],
            "authors": [
                {
                    "name": "yunwuxin",
                    "email": "448901948@qq.com"
                }
            ],
            "time": "2018-05-11 06:45:42"
        },
        {
            "name": "workerman/gateway-worker",
            "version": "v3.0.12",
            "source": {
                "type": "git",
                "url": "https://github.com/walkor/GatewayWorker.git",
                "reference": "c206ec41e21f092055d1ddd3ee296895fc004cb5"
            },
            "dist": {
                "type": "zip",
                "url": "https://api.github.com/repos/walkor/GatewayWorker/zipball/c206ec41e21f092055d1ddd3ee296895fc004cb5",
                "reference": "c206ec41e21f092055d1ddd3ee296895fc004cb5",
                "shasum": ""
            },
            "require": {
                "workerman/workerman": ">=3.1.8"
            },
            "type": "library",
            "autoload": {
                "psr-4": {
                    "GatewayWorker\\": "./src"
                }
            },
            "notification-url": "https://packagist.org/downloads/",
            "license": [
                "MIT"
            ],
            "homepage": "http://www.workerman.net",
            "keywords": [
                "communication",
                "distributed"
            ],
            "time": "2018-08-21 06:17:30"
        },
        {
            "name": "workerman/workerman",
            "version": "v3.5.18",
            "source": {
                "type": "git",
                "url": "https://github.com/walkor/Workerman.git",
                "reference": "f615edc0a550645778c6f8911830e4e12b0c5d45"
            },
            "dist": {
                "type": "zip",
                "url": "https://api.github.com/repos/walkor/Workerman/zipball/f615edc0a550645778c6f8911830e4e12b0c5d45",
                "reference": "f615edc0a550645778c6f8911830e4e12b0c5d45",
                "shasum": ""
            },
            "require": {
                "php": ">=5.3"
            },
            "suggest": {
                "ext-event": "For better performance. "
            },
            "type": "library",
            "autoload": {
                "psr-4": {
                    "Workerman\\": "./"
                }
            },
            "notification-url": "https://packagist.org/downloads/",
            "license": [
                "MIT"
            ],
            "authors": [
                {
                    "name": "walkor",
                    "email": "walkor@workerman.net",
                    "homepage": "http://www.workerman.net",
                    "role": "Developer"
                }
            ],
            "description": "An asynchronous event driven PHP framework for easily building fast, scalable network applications.",
            "homepage": "http://www.workerman.net",
            "keywords": [
                "asynchronous",
                "event-loop"
            ],
            "time": "2019-01-19 02:36:12"
        }
    ],
    "packages-dev": [],
    "aliases": [],
    "minimum-stability": "stable",
    "stability-flags": {
        "lobtao/think-worker": 20
    },
    "prefer-stable": false,
    "prefer-lowest": false,
    "platform": {
        "php": ">=5.6.0"
    },
    "platform-dev": []
}
