{
    "_readme": [
        "This file locks the dependencies of your project to a known state",
        "Read more about it at https://getcomposer.org/doc/01-basic-usage.md#installing-dependencies",
        "This file is @generated automatically"
    ],
    "content-hash": "58e2825c03c2146379937f54de0da18e",
    "packages": [
        {
            "name": "topthink/framework",
            "version": "v5.1.24",
            "source": {
                "type": "git",
                "url": "https://github.com/top-think/framework.git",
                "reference": "03ee17d1ea9c432a698fa1d2411df53974420187"
            },
            "dist": {
                "type": "zip",
                "url": "https://api.github.com/repos/top-think/framework/zipball/03ee17d1ea9c432a698fa1d2411df53974420187",
                "reference": "03ee17d1ea9c432a698fa1d2411df53974420187",
                "shasum": ""
            },
            "require": {
                "php": ">=5.6.0",
                "topthink/think-installer": "2.*"
            },
            "require-dev": {
                "johnkary/phpunit-speedtrap": "^1.0",
                "mikey179/vfsstream": "~1.6",
                "phpdocumentor/reflection-docblock": "^2.0",
                "phploc/phploc": "2.*",
                "phpunit/phpunit": "^5.0|^6.0",
                "sebastian/phpcpd": "2.*",
                "squizlabs/php_codesniffer": "2.*"
            },
            "type": "think-framework",
            "notification-url": "https://packagist.org/downloads/",
            "license": [
                "Apache-2.0"
            ],
            "authors": [
                {
                    "name": "liu21st",
                    "email": "liu21st@gmail.com"
                },
                {
                    "name": "yunwuxin",
                    "email": "448901948@qq.com"
                }
            ],
            "description": "the new thinkphp framework",
            "homepage": "http://thinkphp.cn/",
            "keywords": [
                "framework",
                "orm",
                "thinkphp"
            ],
            "time": "2018-09-05T03:37:46+00:00"
        },
        {
            "name": "topthink/think-installer",
            "version": "v2.0.0",
            "source": {
                "type": "git",
                "url": "https://github.com/top-think/think-installer.git",
                "reference": "f5400a12c60e513911aef41fe443fa6920952675"
            },
            "dist": {
                "type": "zip",
                "url": "https://api.github.com/repos/top-think/think-installer/zipball/f5400a12c60e513911aef41fe443fa6920952675",
                "reference": "f5400a12c60e513911aef41fe443fa6920952675",
                "shasum": ""
            },
            "require": {
                "composer-plugin-api": "^1.0"
            },
            "require-dev": {
                "composer/composer": "1.0.*@dev"
            },
            "type": "composer-plugin",
            "extra": {
                "class": "think\\composer\\Plugin"
            },
            "autoload": {
                "psr-4": {
                    "think\\composer\\": "src"
                }
            },
            "notification-url": "https://packagist.org/downloads/",
            "license": [
                "Apache-2.0"
            ],
            "authors": [
                {
                    "name": "yunwuxin",
                    "email": "448901948@qq.com"
                }
            ],
            "time": "2018-05-11T06:45:42+00:00"
        },
        {
            "name": "topthink/think-worker",
            "version": "v2.0.10",
            "source": {
                "type": "git",
                "url": "https://github.com/top-think/think-worker.git",
                "reference": "d3355b38c2c4242cd3a51fd208ec4586be1a0e0d"
            },
            "dist": {
                "type": "zip",
                "url": "https://api.github.com/repos/top-think/think-worker/zipball/d3355b38c2c4242cd3a51fd208ec4586be1a0e0d",
                "reference": "d3355b38c2c4242cd3a51fd208ec4586be1a0e0d",
                "shasum": ""
            },
            "require": {
                "topthink/framework": "^5.1.18",
                "topthink/think-installer": "^2.0",
                "workerman/gateway-worker": "^3.0.0",
                "workerman/workerman": "^3.3.0"
            },
            "type": "think-extend",
            "extra": {
                "think-config": {
                    "worker": "src/config/worker.php",
                    "worker_server": "src/config/server.php",
                    "gateway_worker": "src/config/gateway.php"
                }
            },
            "autoload": {
                "psr-4": {
                    "think\\worker\\": "src"
                },
                "files": [
                    "src/command.php"
                ]
            },
            "notification-url": "https://packagist.org/downloads/",
            "license": [
                "Apache-2.0"
            ],
            "authors": [
                {
                    "name": "liu21st",
                    "email": "liu21st@gmail.com"
                }
            ],
            "description": "workerman extend for thinkphp5.1",
            "time": "2018-08-24T06:35:22+00:00"
        },
        {
            "name": "workerman/gateway-worker",
            "version": "v3.0.12",
            "source": {
                "type": "git",
                "url": "https://github.com/walkor/GatewayWorker.git",
                "reference": "c206ec41e21f092055d1ddd3ee296895fc004cb5"
            },
            "dist": {
                "type": "zip",
                "url": "https://api.github.com/repos/walkor/GatewayWorker/zipball/c206ec41e21f092055d1ddd3ee296895fc004cb5",
                "reference": "c206ec41e21f092055d1ddd3ee296895fc004cb5",
                "shasum": ""
            },
            "require": {
                "workerman/workerman": ">=3.1.8"
            },
            "type": "library",
            "autoload": {
                "psr-4": {
                    "GatewayWorker\\": "./src"
                }
            },
            "notification-url": "https://packagist.org/downloads/",
            "license": [
                "MIT"
            ],
            "homepage": "http://www.workerman.net",
            "keywords": [
                "communication",
                "distributed"
            ],
            "time": "2018-08-21T06:17:30+00:00"
        },
        {
            "name": "workerman/workerman",
            "version": "v3.5.15",
            "source": {
                "type": "git",
                "url": "https://github.com/walkor/Workerman.git",
                "reference": "6df60271e514201a17a96acb8ea16936000444cb"
            },
            "dist": {
                "type": "zip",
                "url": "https://api.github.com/repos/walkor/Workerman/zipball/6df60271e514201a17a96acb8ea16936000444cb",
                "reference": "6df60271e514201a17a96acb8ea16936000444cb",
                "shasum": ""
            },
            "require": {
                "php": ">=5.3"
            },
            "suggest": {
                "ext-event": "For better performance. "
            },
            "type": "library",
            "autoload": {
                "psr-4": {
                    "Workerman\\": "./"
                }
            },
            "notification-url": "https://packagist.org/downloads/",
            "license": [
                "MIT"
            ],
            "authors": [
                {
                    "name": "walkor",
                    "email": "walkor@workerman.net",
                    "homepage": "http://www.workerman.net",
                    "role": "Developer"
                }
            ],
            "description": "An asynchronous event driven PHP framework for easily building fast, scalable network applications.",
            "homepage": "http://www.workerman.net",
            "keywords": [
                "asynchronous",
                "event-loop"
            ],
            "time": "2018-09-20T09:11:43+00:00"
        }
    ],
    "packages-dev": [],
    "aliases": [],
    "minimum-stability": "stable",
    "stability-flags": [],
    "prefer-stable": false,
    "prefer-lowest": false,
    "platform": {
        "php": ">=5.6.0"
    },
    "platform-dev": []
}
